// !$*UTF8*$!
{
	archiveVersion = 1;
	classes = {
	};
	objectVersion = 46;
	objects = {

/* Begin PBXBuildFile section */
		C7D053DA1BE3C40100EDF717 /* main.m in Sources */ = {isa = PBXBuildFile; fileRef = C7D053D91BE3C40100EDF717 /* main.m */; };
		C7D053DD1BE3C40100EDF717 /* AppDelegate.m in Sources */ = {isa = PBXBuildFile; fileRef = C7D053DC1BE3C40100EDF717 /* AppDelegate.m */; };
		C7D053E01BE3C40100EDF717 /* ViewController.m in Sources */ = {isa = PBXBuildFile; fileRef = C7D053DF1BE3C40100EDF717 /* ViewController.m */; };
		C7D053E31BE3C40100EDF717 /* Main.storyboard in Resources */ = {isa = PBXBuildFile; fileRef = C7D053E11BE3C40100EDF717 /* Main.storyboard */; };
		C7D053E51BE3C40100EDF717 /* Assets.xcassets in Resources */ = {isa = PBXBuildFile; fileRef = C7D053E41BE3C40100EDF717 /* Assets.xcassets */; };
		C7D053F31BE3C40100EDF717 /* DateCalculationsTests.m in Sources */ = {isa = PBXBuildFile; fileRef = C7D053F21BE3C40100EDF717 /* DateCalculationsTests.m */; };
		C7D053FF1BE3C42500EDF717 /* NSDate+Calculations.m in Sources */ = {isa = PBXBuildFile; fileRef = C7D053FE1BE3C42500EDF717 /* NSDate+Calculations.m */; };
/* End PBXBuildFile section */

/* Begin PBXContainerItemProxy section */
		C7D053EF1BE3C40100EDF717 /* PBXContainerItemProxy */ = {
			isa = PBXContainerItemProxy;
			containerPortal = C7D053CD1BE3C40100EDF717 /* Project object */;
			proxyType = 1;
			remoteGlobalIDString = C7D053D41BE3C40100EDF717;
			remoteInfo = DateCalculations;
		};
/* End PBXContainerItemProxy section */

/* Begin PBXFileReference section */
		C7D053D51BE3C40100EDF717 /* DateCalculations.app */ = {isa = PBXFileReference; explicitFileType = wrapper.application; includeInIndex = 0; path = DateCalculations.app; sourceTree = BUILT_PRODUCTS_DIR; };
		C7D053D91BE3C40100EDF717 /* main.m */ = {isa = PBXFileReference; lastKnownFileType = sourcecode.c.objc; path = main.m; sourceTree = "<group>"; };
		C7D053DB1BE3C40100EDF717 /* AppDelegate.h */ = {isa = PBXFileReference; lastKnownFileType = sourcecode.c.h; path = AppDelegate.h; sourceTree = "<group>"; };
		C7D053DC1BE3C40100EDF717 /* AppDelegate.m */ = {isa = PBXFileReference; lastKnownFileType = sourcecode.c.objc; path = AppDelegate.m; sourceTree = "<group>"; };
		C7D053DE1BE3C40100EDF717 /* ViewController.h */ = {isa = PBXFileReference; lastKnownFileType = sourcecode.c.h; path = ViewController.h; sourceTree = "<group>"; };
		C7D053DF1BE3C40100EDF717 /* ViewController.m */ = {isa = PBXFileReference; lastKnownFileType = sourcecode.c.objc; path = ViewController.m; sourceTree = "<group>"; };
		C7D053E21BE3C40100EDF717 /* Base */ = {isa = PBXFileReference; lastKnownFileType = file.storyboard; name = Base; path = Base.lproj/Main.storyboard; sourceTree = "<group>"; };
		C7D053E41BE3C40100EDF717 /* Assets.xcassets */ = {isa = PBXFileReference; lastKnownFileType = folder.assetcatalog; path = Assets.xcassets; sourceTree = "<group>"; };
		C7D053E91BE3C40100EDF717 /* Info.plist */ = {isa = PBXFileReference; lastKnownFileType = text.plist.xml; path = Info.plist; sourceTree = "<group>"; };
		C7D053EE1BE3C40100EDF717 /* DateCalculationsTests.xctest */ = {isa = PBXFileReference; explicitFileType = wrapper.cfbundle; includeInIndex = 0; path = DateCalculationsTests.xctest; sourceTree = BUILT_PRODUCTS_DIR; };
		C7D053F21BE3C40100EDF717 /* DateCalculationsTests.m */ = {isa = PBXFileReference; lastKnownFileType = sourcecode.c.objc; path = DateCalculationsTests.m; sourceTree = "<group>"; };
		C7D053F41BE3C40100EDF717 /* Info.plist */ = {isa = PBXFileReference; lastKnownFileType = text.plist.xml; path = Info.plist; sourceTree = "<group>"; };
		C7D053FD1BE3C42500EDF717 /* NSDate+Calculations.h */ = {isa = PBXFileReference; fileEncoding = 4; lastKnownFileType = sourcecode.c.h; path = "NSDate+Calculations.h"; sourceTree = "<group>"; };
		C7D053FE1BE3C42500EDF717 /* NSDate+Calculations.m */ = {isa = PBXFileReference; fileEncoding = 4; lastKnownFileType = sourcecode.c.objc; path = "NSDate+Calculations.m"; sourceTree = "<group>"; };
/* End PBXFileReference section */

/* Begin PBXFrameworksBuildPhase section */
		C7D053D21BE3C40100EDF717 /* Frameworks */ = {
			isa = PBXFrameworksBuildPhase;
			buildActionMask = 2147483647;
			files = (
			);
			runOnlyForDeploymentPostprocessing = 0;
		};
		C7D053EB1BE3C40100EDF717 /* Frameworks */ = {
			isa = PBXFrameworksBuildPhase;
			buildActionMask = 2147483647;
			files = (
			);
			runOnlyForDeploymentPostprocessing = 0;
		};
/* End PBXFrameworksBuildPhase section */

/* Begin PBXGroup section */
		C7D053CC1BE3C40100EDF717 = {
			isa = PBXGroup;
			children = (
				C7D053D71BE3C40100EDF717 /* DateCalculations */,
				C7D053F11BE3C40100EDF717 /* DateCalculationsTests */,
				C7D053D61BE3C40100EDF717 /* Products */,
			);
			sourceTree = "<group>";
		};
		C7D053D61BE3C40100EDF717 /* Products */ = {
			isa = PBXGroup;
			children = (
				C7D053D51BE3C40100EDF717 /* DateCalculations.app */,
				C7D053EE1BE3C40100EDF717 /* DateCalculationsTests.xctest */,
			);
			name = Products;
			sourceTree = "<group>";
		};
		C7D053D71BE3C40100EDF717 /* DateCalculations */ = {
			isa = PBXGroup;
			children = (
				C7D053FD1BE3C42500EDF717 /* NSDate+Calculations.h */,
				C7D053FE1BE3C42500EDF717 /* NSDate+Calculations.m */,
				C7D053DB1BE3C40100EDF717 /* AppDelegate.h */,
				C7D053DC1BE3C40100EDF717 /* AppDelegate.m */,
				C7D053DE1BE3C40100EDF717 /* ViewController.h */,
				C7D053DF1BE3C40100EDF717 /* ViewController.m */,
				C7D053E11BE3C40100EDF717 /* Main.storyboard */,
				C7D053E41BE3C40100EDF717 /* Assets.xcassets */,
				C7D053E91BE3C40100EDF717 /* Info.plist */,
				C7D053D81BE3C40100EDF717 /* Supporting Files */,
			);
			path = DateCalculations;
			sourceTree = "<group>";
		};
		C7D053D81BE3C40100EDF717 /* Supporting Files */ = {
			isa = PBXGroup;
			children = (
				C7D053D91BE3C40100EDF717 /* main.m */,
			);
			name = "Supporting Files";
			sourceTree = "<group>";
		};
		C7D053F11BE3C40100EDF717 /* DateCalculationsTests */ = {
			isa = PBXGroup;
			children = (
				C7D053F21BE3C40100EDF717 /* DateCalculationsTests.m */,
				C7D053F41BE3C40100EDF717 /* Info.plist */,
			);
			path = DateCalculationsTests;
			sourceTree = "<group>";
		};
/* End PBXGroup section */

/* Begin PBXNativeTarget section */
		C7D053D41BE3C40100EDF717 /* DateCalculations */ = {
			isa = PBXNativeTarget;
			buildConfigurationList = C7D053F71BE3C40100EDF717 /* Build configuration list for PBXNativeTarget "DateCalculations" */;
			buildPhases = (
				C7D053D11BE3C40100EDF717 /* Sources */,
				C7D053D21BE3C40100EDF717 /* Frameworks */,
				C7D053D31BE3C40100EDF717 /* Resources */,
			);
			buildRules = (
			);
			dependencies = (
			);
			name = DateCalculations;
			productName = DateCalculations;
			productReference = C7D053D51BE3C40100EDF717 /* DateCalculations.app */;
			productType = "com.apple.product-type.application";
		};
		C7D053ED1BE3C40100EDF717 /* DateCalculationsTests */ = {
			isa = PBXNativeTarget;
			buildConfigurationList = C7D053FA1BE3C40100EDF717 /* Build configuration list for PBXNativeTarget "DateCalculationsTests" */;
			buildPhases = (
				C7D053EA1BE3C40100EDF717 /* Sources */,
				C7D053EB1BE3C40100EDF717 /* Frameworks */,
				C7D053EC1BE3C40100EDF717 /* Resources */,
			);
			buildRules = (
			);
			dependencies = (
				C7D053F01BE3C40100EDF717 /* PBXTargetDependency */,
			);
			name = DateCalculationsTests;
			productName = DateCalculationsTests;
			productReference = C7D053EE1BE3C40100EDF717 /* DateCalculationsTests.xctest */;
			productType = "com.apple.product-type.bundle.unit-test";
		};
/* End PBXNativeTarget section */

/* Begin PBXProject section */
		C7D053CD1BE3C40100EDF717 /* Project object */ = {
			isa = PBXProject;
			attributes = {
				LastUpgradeCheck = 0710;
				ORGANIZATIONNAME = Ricardo;
				TargetAttributes = {
					C7D053D41BE3C40100EDF717 = {
						CreatedOnToolsVersion = 7.1;
					};
					C7D053ED1BE3C40100EDF717 = {
						CreatedOnToolsVersion = 7.1;
						TestTargetID = C7D053D41BE3C40100EDF717;
					};
				};
			};
			buildConfigurationList = C7D053D01BE3C40100EDF717 /* Build configuration list for PBXProject "DateCalculations" */;
			compatibilityVersion = "Xcode 3.2";
			developmentRegion = English;
			hasScannedForEncodings = 0;
			knownRegions = (
				en,
				Base,
			);
			mainGroup = C7D053CC1BE3C40100EDF717;
			productRefGroup = C7D053D61BE3C40100EDF717 /* Products */;
			projectDirPath = "";
			projectRoot = "";
			targets = (
				C7D053D41BE3C40100EDF717 /* DateCalculations */,
				C7D053ED1BE3C40100EDF717 /* DateCalculationsTests */,
			);
		};
/* End PBXProject section */

/* Begin PBXResourcesBuildPhase section */
		C7D053D31BE3C40100EDF717 /* Resources */ = {
			isa = PBXResourcesBuildPhase;
			buildActionMask = 2147483647;
			files = (
				C7D053E51BE3C40100EDF717 /* Assets.xcassets in Resources */,
				C7D053E31BE3C40100EDF717 /* Main.storyboard in Resources */,
			);
			runOnlyForDeploymentPostprocessing = 0;
		};
		C7D053EC1BE3C40100EDF717 /* Resources */ = {
			isa = PBXResourcesBuildPhase;
			buildActionMask = 2147483647;
			files = (
			);
			runOnlyForDeploymentPostprocessing = 0;
		};
/* End PBXResourcesBuildPhase section */

/* Begin PBXSourcesBuildPhase section */
		C7D053D11BE3C40100EDF717 /* Sources */ = {
			isa = PBXSourcesBuildPhase;
			buildActionMask = 2147483647;
			files = (
				C7D053FF1BE3C42500EDF717 /* NSDate+Calculations.m in Sources */,
				C7D053E01BE3C40100EDF717 /* ViewController.m in Sources */,
				C7D053DD1BE3C40100EDF717 /* AppDelegate.m in Sources */,
				C7D053DA1BE3C40100EDF717 /* main.m in Sources */,
			);
			runOnlyForDeploymentPostprocessing = 0;
		};
		C7D053EA1BE3C40100EDF717 /* Sources */ = {
			isa = PBXSourcesBuildPhase;
			buildActionMask = 2147483647;
			files = (
				C7D053F31BE3C40100EDF717 /* DateCalculationsTests.m in Sources */,
			);
			runOnlyForDeploymentPostprocessing = 0;
		};
/* End PBXSourcesBuildPhase section */

/* Begin PBXTargetDependency section */
		C7D053F01BE3C40100EDF717 /* PBXTargetDependency */ = {
			isa = PBXTargetDependency;
			target = C7D053D41BE3C40100EDF717 /* DateCalculations */;
			targetProxy = C7D053EF1BE3C40100EDF717 /* PBXContainerItemProxy */;
		};
/* End PBXTargetDependency section */

/* Begin PBXVariantGroup section */
		C7D053E11BE3C40100EDF717 /* Main.storyboard */ = {
			isa = PBXVariantGroup;
			children = (
				C7D053E21BE3C40100EDF717 /* Base */,
			);
			name = Main.storyboard;
			sourceTree = "<group>";
		};
/* End PBXVariantGroup section */

/* Begin XCBuildConfiguration section */
		C7D053F51BE3C40100EDF717 /* Debug */ = {
			isa = XCBuildConfiguration;
			buildSettings = {
				ALWAYS_SEARCH_USER_PATHS = NO;
				CLANG_CXX_LANGUAGE_STANDARD = "gnu++0x";
				CLANG_CXX_LIBRARY = "libc++";
				CLANG_ENABLE_MODULES = YES;
				CLANG_ENABLE_OBJC_ARC = YES;
				CLANG_WARN_BOOL_CONVERSION = YES;
				CLANG_WARN_CONSTANT_CONVERSION = YES;
				CLANG_WARN_DIRECT_OBJC_ISA_USAGE = YES_ERROR;
				CLANG_WARN_EMPTY_BODY = YES;
				CLANG_WARN_ENUM_CONVERSION = YES;
				CLANG_WARN_INT_CONVERSION = YES;
				CLANG_WARN_OBJC_ROOT_CLASS = YES_ERROR;
				CLANG_WARN_UNREACHABLE_CODE = YES;
				CLANG_WARN__DUPLICATE_METHOD_MATCH = YES;
				"CODE_SIGN_IDENTITY[sdk=iphoneos*]" = "iPhone Developer";
				COPY_PHASE_STRIP = NO;
				DEBUG_INFORMATION_FORMAT = dwarf;
				ENABLE_STRICT_OBJC_MSGSEND = YES;
				ENABLE_TESTABILITY = YES;
				GCC_C_LANGUAGE_STANDARD = gnu99;
				GCC_DYNAMIC_NO_PIC = NO;
				GCC_NO_COMMON_BLOCKS = YES;
				GCC_OPTIMIZATION_LEVEL = 0;
				GCC_PREPROCESSOR_DEFINITIONS = (
					"DEBUG=1",
					"$(inherited)",
				);
				GCC_WARN_64_TO_32_BIT_CONVERSION = YES;
				GCC_WARN_ABOUT_RETURN_TYPE = YES_ERROR;
				GCC_WARN_UNDECLARED_SELECTOR = YES;
				GCC_WARN_UNINITIALIZED_AUTOS = YES_AGGRESSIVE;
				GCC_WARN_UNUSED_FUNCTION = YES;
				GCC_WARN_UNUSED_VARIABLE = YES;
				IPHONEOS_DEPLOYMENT_TARGET = 7.0;
				MTL_ENABLE_DEBUG_INFO = YES;
				ONLY_ACTIVE_ARCH = YES;
				SDKROOT = iphoneos;
			};
			name = Debug;
		};
		C7D053F61BE3C40100EDF717 /* Release */ = {
			isa = XCBuildConfiguration;
			buildSettings = {
				ALWAYS_SEARCH_USER_PATHS = NO;
				CLANG_CXX_LANGUAGE_STANDARD = "gnu++0x";
				CLANG_CXX_LIBRARY = "libc++";
				CLANG_ENABLE_MODULES = YES;
				CLANG_ENABLE_OBJC_ARC = YES;
				CLANG_WARN_BOOL_CONVERSION = YES;
				CLANG_WARN_CONSTANT_CONVERSION = YES;
				CLANG_WARN_DIRECT_OBJC_ISA_USAGE = YES_ERROR;
				CLANG_WARN_EMPTY_BODY = YES;
				CLANG_WARN_ENUM_CONVERSION = YES;
				CLANG_WARN_INT_CONVERSION = YES;
				CLANG_WARN_OBJC_ROOT_CLASS = YES_ERROR;
				CLANG_WARN_UNREACHABLE_CODE = YES;
				CLANG_WARN__DUPLICATE_METHOD_MATCH = YES;
				"CODE_SIGN_IDENTITY[sdk=iphoneos*]" = "iPhone Developer";
				COPY_PHASE_STRIP = NO;
				DEBUG_INFORMATION_FORMAT = "dwarf-with-dsym";
				ENABLE_NS_ASSERTIONS = NO;
				ENABLE_STRICT_OBJC_MSGSEND = YES;
				GCC_C_LANGUAGE_STANDARD = gnu99;
				GCC_NO_COMMON_BLOCKS = YES;
				GCC_WARN_64_TO_32_BIT_CONVERSION = YES;
				GCC_WARN_ABOUT_RETURN_TYPE = YES_ERROR;
				GCC_WARN_UNDECLARED_SELECTOR = YES;
				GCC_WARN_UNINITIALIZED_AUTOS = YES_AGGRESSIVE;
				GCC_WARN_UNUSED_FUNCTION = YES;
				GCC_WARN_UNUSED_VARIABLE = YES;
				IPHONEOS_DEPLOYMENT_TARGET = 7.0;
				MTL_ENABLE_DEBUG_INFO = NO;
				SDKROOT = iphoneos;
				VALIDATE_PRODUCT = YES;
			};
			name = Release;
		};
		C7D053F81BE3C40100EDF717 /* Debug */ = {
			isa = XCBuildConfiguration;
			buildSettings = {
				ASSETCATALOG_COMPILER_APPICON_NAME = AppIcon;
				INFOPLIST_FILE = DateCalculations/Info.plist;
				LD_RUNPATH_SEARCH_PATHS = "$(inherited) @executable_path/Frameworks";
				PRODUCT_BUNDLE_IDENTIFIER = Ricardo.DateCalculations;
				PRODUCT_NAME = "$(TARGET_NAME)";
			};
			name = Debug;
		};
		C7D053F91BE3C40100EDF717 /* Release */ = {
			isa = XCBuildConfiguration;
			buildSettings = {
				ASSETCATALOG_COMPILER_APPICON_NAME = AppIcon;
				INFOPLIST_FILE = DateCalculations/Info.plist;
				LD_RUNPATH_SEARCH_PATHS = "$(inherited) @executable_path/Frameworks";
				PRODUCT_BUNDLE_IDENTIFIER = Ricardo.DateCalculations;
				PRODUCT_NAME = "$(TARGET_NAME)";
			};
			name = Release;
		};
		C7D053FB1BE3C40100EDF717 /* Debug */ = {
			isa = XCBuildConfiguration;
			buildSettings = {
				BUNDLE_LOADER = "$(TEST_HOST)";
				INFOPLIST_FILE = DateCalculationsTests/Info.plist;
				LD_RUNPATH_SEARCH_PATHS = "$(inherited) @executable_path/Frameworks @loader_path/Frameworks";
				PRODUCT_BUNDLE_IDENTIFIER = Ricardo.DateCalculationsTests;
				PRODUCT_NAME = "$(TARGET_NAME)";
				TEST_HOST = "$(BUILT_PRODUCTS_DIR)/DateCalculations.app/DateCalculations";
			};
			name = Debug;
		};
		C7D053FC1BE3C40100EDF717 /* Release */ = {
			isa = XCBuildConfiguration;
			buildSettings = {
				BUNDLE_LOADER = "$(TEST_HOST)";
				INFOPLIST_FILE = DateCalculationsTests/Info.plist;
				LD_RUNPATH_SEARCH_PATHS = "$(inherited) @executable_path/Frameworks @loader_path/Frameworks";
				PRODUCT_BUNDLE_IDENTIFIER = Ricardo.DateCalculationsTests;
				PRODUCT_NAME = "$(TARGET_NAME)";
				TEST_HOST = "$(BUILT_PRODUCTS_DIR)/DateCalculations.app/DateCalculations";
			};
			name = Release;
		};
/* End XCBuildConfiguration section */

/* Begin XCConfigurationList section */
		C7D053D01BE3C40100EDF717 /* Build configuration list for PBXProject "DateCalculations" */ = {
			isa = XCConfigurationList;
			buildConfigurations = (
				C7D053F51BE3C40100EDF717 /* Debug */,
				C7D053F61BE3C40100EDF717 /* Release */,
			);
			defaultConfigurationIsVisible = 0;
			defaultConfigurationName = Release;
		};
		C7D053F71BE3C40100EDF717 /* Build configuration list for PBXNativeTarget "DateCalculations" */ = {
			isa = XCConfigurationList;
			buildConfigurations = (
				C7D053F81BE3C40100EDF717 /* Debug */,
				C7D053F91BE3C40100EDF717 /* Release */,
			);
			defaultConfigurationIsVisible = 0;
		};
		C7D053FA1BE3C40100EDF717 /* Build configuration list for PBXNativeTarget "DateCalculationsTests" */ = {
			isa = XCConfigurationList;
			buildConfigurations = (
				C7D053FB1BE3C40100EDF717 /* Debug */,
				C7D053FC1BE3C40100EDF717 /* Release */,
			);
			defaultConfigurationIsVisible = 0;
		};
/* End XCConfigurationList section */
	};
	rootObject = C7D053CD1BE3C40100EDF717 /* Project object */;
}
